
Microsoft Visual Studio Solution File, Format Version 12.00
# Visual Studio Version 16
VisualStudioVersion = 16.0.30621.155
MinimumVisualStudioVersion = 15.0.26124.0
Project("{2150E333-8FDC-42A3-9474-1A3956D46DE8}") = "Chapter_10", "Chapter_10", "{DBE58BEC-C8F2-417E-AE66-1264AB11908A}"
EndProject
Project("{9A19103F-16F7-4668-BE54-9A1E7A4F7556}") = "WorldCities", "Chapter_10\WorldCities\WorldCities.csproj", "{3251AADA-2735-4408-8CE9-7144A337B4EA}"
EndProject
Project("{9A19103F-16F7-4668-BE54-9A1E7A4F7556}") = "WorldCities.Tests", "Chapter_10\WorldCities.Tests\WorldCities.Tests.csproj", "{8890C618-34CE-4D02-8329-8F8965545DD5}"
EndProject
Global
	GlobalSection(SolutionConfigurationPlatforms) = preSolution
		Debug|Any CPU = Debug|Any CPU
		Release|Any CPU = Release|Any CPU
	EndGlobalSection
	GlobalSection(ProjectConfigurationPlatforms) = postSolution
		{3251AADA-2735-4408-8CE9-7144A337B4EA}.Debug|Any CPU.ActiveCfg = Debug|Any CPU
		{3251AADA-2735-4408-8CE9-7144A337B4EA}.Debug|Any CPU.Build.0 = Debug|Any CPU
		{3251AADA-2735-4408-8CE9-7144A337B4EA}.Release|Any CPU.ActiveCfg = Release|Any CPU
		{3251AADA-2735-4408-8CE9-7144A337B4EA}.Release|Any CPU.Build.0 = Release|Any CPU
		{8890C618-34CE-4D02-8329-8F8965545DD5}.Debug|Any CPU.ActiveCfg = Debug|Any CPU
		{8890C618-34CE-4D02-8329-8F8965545DD5}.Debug|Any CPU.Build.0 = Debug|Any CPU
		{8890C618-34CE-4D02-8329-8F8965545DD5}.Release|Any CPU.ActiveCfg = Release|Any CPU
		{8890C618-34CE-4D02-8329-8F8965545DD5}.Release|Any CPU.Build.0 = Release|Any CPU
	EndGlobalSection
	GlobalSection(SolutionProperties) = preSolution
		HideSolutionNode = FALSE
	EndGlobalSection
	GlobalSection(NestedProjects) = preSolution
		{3251AADA-2735-4408-8CE9-7144A337B4EA} = {DBE58BEC-C8F2-417E-AE66-1264AB11908A}
		{8890C618-34CE-4D02-8329-8F8965545DD5} = {DBE58BEC-C8F2-417E-AE66-1264AB11908A}
	EndGlobalSection
	GlobalSection(ExtensibilityGlobals) = postSolution
		SolutionGuid = {F853D6C5-8BF6-4206-B9BD-0BA6D1596034}
	EndGlobalSection
EndGlobal
